
Microsoft Visual Studio Solution File, Format Version 12.00
# Visual Studio Version 17
VisualStudioVersion = 17.3.32901.215
MinimumVisualStudioVersion = 10.0.40219.1
Project("{FAE04EC0-301F-11D3-BF4B-00C04F79EFBC}") = "JokeApp", "JokeApp.csproj", "{DE15FD7F-1BC9-4D24-B53F-E22DCFD8E1F9}"
EndProject
Global
	GlobalSection(SolutionConfigurationPlatforms) = preSolution
		Debug|Any CPU = Debug|Any CPU
		Release|Any CPU = Release|Any CPU
	EndGlobalSection
	GlobalSection(ProjectConfigurationPlatforms) = postSolution
		{DE15FD7F-1BC9-4D24-B53F-E22DCFD8E1F9}.Debug|Any CPU.ActiveCfg = Debug|Any CPU
		{DE15FD7F-1BC9-4D24-B53F-E22DCFD8E1F9}.Debug|Any CPU.Build.0 = Debug|Any CPU
		{DE15FD7F-1BC9-4D24-B53F-E22DCFD8E1F9}.Release|Any CPU.ActiveCfg = Release|Any CPU
		{DE15FD7F-1BC9-4D24-B53F-E22DCFD8E1F9}.Release|Any CPU.Build.0 = Release|Any CPU
	EndGlobalSection
	GlobalSection(SolutionProperties) = preSolution
		HideSolutionNode = FALSE
	EndGlobalSection
	GlobalSection(ExtensibilityGlobals) = postSolution
		SolutionGuid = {56FA6E85-1D60-4F22-9B63-9464261A8226}
	EndGlobalSection
EndGlobal
